<?xml version="1.0" encoding="utf-8"?>
<Project ToolsVersion="4.0" xmlns="http://schemas.microsoft.com/developer/msbuild/2003">
  <ItemGroup>
    <Filter Include="RingBuffer">
      <UniqueIdentifier>{8381e7d4-3c14-4d4c-85a1-379b63adb297}</UniqueIdentifier>
    </Filter>
    <Filter Include="UpgradeRingBuffer">
      <UniqueIdentifier>{fb2f8d62-a533-4e51-9c46-92a6b6bd98d2}</UniqueIdentifier>
    </Filter>
  </ItemGroup>
  <ItemGroup>
    <ClInclude Include="..\include\JBuffer.h">
      <Filter>UpgradeRingBuffer</Filter>
    </ClInclude>
    <ClInclude Include="..\include\RingBuffer.h">
      <Filter>RingBuffer</Filter>
    </ClInclude>
    <ClInclude Include="..\include\JBufferHandler.h">
      <Filter>UpgradeRingBuffer</Filter>
    </ClInclude>
  </ItemGroup>
  <ItemGroup>
    <ClCompile Include="JBuffer.cpp">
      <Filter>UpgradeRingBuffer</Filter>
    </ClCompile>
    <ClCompile Include="RingBuffer.cpp">
      <Filter>RingBuffer</Filter>
    </ClCompile>
    <ClCompile Include="JBufferHandler.cpp">
      <Filter>UpgradeRingBuffer</Filter>
    </ClCompile>
  </ItemGroup>
</Project>